
Microsoft Visual Studio Solution File, Format Version 12.00
# Visual Studio Version 17
VisualStudioVersion = 17.5.33530.505
MinimumVisualStudioVersion = 10.0.40219.1
Project("{FAE04EC0-301F-11D3-BF4B-00C04F79EFBC}") = "Game_line", "Game_line\Game_line.csproj", "{6BAFB223-34C8-4562-9454-3D45081E22CA}"
EndProject
Global
	GlobalSection(SolutionConfigurationPlatforms) = preSolution
		Debug|Any CPU = Debug|Any CPU
		Release|Any CPU = Release|Any CPU
	EndGlobalSection
	GlobalSection(ProjectConfigurationPlatforms) = postSolution
		{6BAFB223-34C8-4562-9454-3D45081E22CA}.Debug|Any CPU.ActiveCfg = Debug|Any CPU
		{6BAFB223-34C8-4562-9454-3D45081E22CA}.Debug|Any CPU.Build.0 = Debug|Any CPU
		{6BAFB223-34C8-4562-9454-3D45081E22CA}.Release|Any CPU.ActiveCfg = Release|Any CPU
		{6BAFB223-34C8-4562-9454-3D45081E22CA}.Release|Any CPU.Build.0 = Release|Any CPU
	EndGlobalSection
	GlobalSection(SolutionProperties) = preSolution
		HideSolutionNode = FALSE
	EndGlobalSection
	GlobalSection(ExtensibilityGlobals) = postSolution
		SolutionGuid = {9436D386-BADB-4E59-BD66-98AC120DDCD2}
	EndGlobalSection
EndGlobal
